<?xml version="1.0" encoding="utf-8"?>
<Project ToolsVersion="4.0" xmlns="http://schemas.microsoft.com/developer/msbuild/2003">
  <ItemGroup>
    <Filter Include="Source Files">
      <UniqueIdentifier>{238eda5c-d089-4d6d-8c0b-4040990a8b99}</UniqueIdentifier>
    </Filter>
    <Filter Include="Resources">
      <UniqueIdentifier>{ab2e0cb1-1432-4b77-b186-b35d0dacf751}</UniqueIdentifier>
    </Filter>
    <Filter Include="Header Files">
      <UniqueIdentifier>{6cbc7208-01ee-4753-a28b-50f52305fa14}</UniqueIdentifier>
    </Filter>
    <Filter Include="Public Header Files">
      <UniqueIdentifier>{f01ffd83-7edb-403a-85d1-e59224dc4416}</UniqueIdentifier>
    </Filter>
  </ItemGroup>
  <ItemGroup>
    <ClCompile Include="..\sourcesdk\game\shared\choreoactor.cpp">
      <Filter>Source Files</Filter>
    </ClCompile>
    <ClCompile Include="..\sourcesdk\game\shared\choreochannel.cpp">
      <Filter>Source Files</Filter>
    </ClCompile>
    <ClCompile Include="..\sourcesdk\game\shared\choreoevent.cpp">
      <Filter>Source Files</Filter>
    </ClCompile>
    <ClCompile Include="..\sourcesdk\game\shared\choreoscene.cpp">
      <Filter>Source Files</Filter>
    </ClCompile>
    <ClCompile Include="..\sourcesdk\game\shared\sceneimage.cpp">
      <Filter>Source Files</Filter>
    </ClCompile>
  </ItemGroup>
  <ItemGroup>
    <None Include="choreoobjects.vpc">
      <Filter>Resources</Filter>
    </None>
  </ItemGroup>
  <ItemGroup>
    <ClInclude Include="..\sourcesdk\game\shared\choreoactor.h">
      <Filter>Source Files</Filter>
    </ClInclude>
    <ClInclude Include="..\sourcesdk\game\shared\choreochannel.h">
      <Filter>Source Files</Filter>
    </ClInclude>
    <ClInclude Include="..\sourcesdk\game\shared\choreoevent.h">
      <Filter>Source Files</Filter>
    </ClInclude>
    <ClInclude Include="..\sourcesdk\game\shared\choreoscene.h">
      <Filter>Source Files</Filter>
    </ClInclude>
    <ClInclude Include="..\sourcesdk\game\shared\ichoreoeventcallback.h">
      <Filter>Source Files</Filter>
    </ClInclude>
    <ClInclude Include="..\sourcesdk\public\mathlib\mathlib.h">
      <Filter>Source Files</Filter>
    </ClInclude>
    <ClInclude Include="..\sourcesdk\game\shared\sceneimage.h">
      <Filter>Source Files</Filter>
    </ClInclude>
    <ClInclude Include="..\sourcesdk\public\mathlib\vector.h">
      <Filter>Source Files</Filter>
    </ClInclude>
    <ClInclude Include="..\sourcesdk\public\mathlib\vector2d.h">
      <Filter>Source Files</Filter>
    </ClInclude>
    <ClInclude Include="..\sourcesdk\game\shared\iscenetokenprocessor.h">
      <Filter>Source Files</Filter>
    </ClInclude>
  </ItemGroup>
</Project>